// !$*UTF8*$!
{
	archiveVersion = 1;
	classes = {
	};
	objectVersion = 46;
	objects = {

/* Begin PBXBuildFile section */
		6C8CDEFF1CCD390C00CD07A7 /* PageController.swift in Sources */ = {isa = PBXBuildFile; fileRef = 6C8CDEFE1CCD390C00CD07A7 /* PageController.swift */; };
		6CD0D8EF1CCBDA8F008B92DB /* AppDelegate.swift in Sources */ = {isa = PBXBuildFile; fileRef = 6CD0D8EE1CCBDA8F008B92DB /* AppDelegate.swift */; };
		6CD0D8F41CCBDA8F008B92DB /* Main.storyboard in Resources */ = {isa = PBXBuildFile; fileRef = 6CD0D8F21CCBDA8F008B92DB /* Main.storyboard */; };
		6CD0D8F61CCBDA8F008B92DB /* Assets.xcassets in Resources */ = {isa = PBXBuildFile; fileRef = 6CD0D8F51CCBDA8F008B92DB /* Assets.xcassets */; };
		6CD0D8F91CCBDA8F008B92DB /* LaunchScreen.storyboard in Resources */ = {isa = PBXBuildFile; fileRef = 6CD0D8F71CCBDA8F008B92DB /* LaunchScreen.storyboard */; };
		6CD0D9021CCBE607008B92DB /* StartVC.swift in Sources */ = {isa = PBXBuildFile; fileRef = 6CD0D9011CCBE607008B92DB /* StartVC.swift */; };
		6CD0D9071CCBF0C0008B92DB /* CustomButton.swift in Sources */ = {isa = PBXBuildFile; fileRef = 6CD0D9061CCBF0C0008B92DB /* CustomButton.swift */; };
		6CD0D9091CCBF0F7008B92DB /* Constants.swift in Sources */ = {isa = PBXBuildFile; fileRef = 6CD0D9081CCBF0F7008B92DB /* Constants.swift */; };
		6CD0D90C1CCC07F7008B92DB /* Story.swift in Sources */ = {isa = PBXBuildFile; fileRef = 6CD0D90B1CCC07F7008B92DB /* Story.swift */; };
/* End PBXBuildFile section */

/* Begin PBXFileReference section */
		6C8CDEFE1CCD390C00CD07A7 /* PageController.swift */ = {isa = PBXFileReference; fileEncoding = 4; lastKnownFileType = sourcecode.swift; name = PageController.swift; path = Controllers/PageController.swift; sourceTree = "<group>"; };
		6CD0D8EB1CCBDA8F008B92DB /* Dreamland.app */ = {isa = PBXFileReference; explicitFileType = wrapper.application; includeInIndex = 0; path = Dreamland.app; sourceTree = BUILT_PRODUCTS_DIR; };
		6CD0D8EE1CCBDA8F008B92DB /* AppDelegate.swift */ = {isa = PBXFileReference; lastKnownFileType = sourcecode.swift; path = AppDelegate.swift; sourceTree = "<group>"; };
		6CD0D8F31CCBDA8F008B92DB /* Base */ = {isa = PBXFileReference; lastKnownFileType = file.storyboard; name = Base; path = Base.lproj/Main.storyboard; sourceTree = "<group>"; };
		6CD0D8F51CCBDA8F008B92DB /* Assets.xcassets */ = {isa = PBXFileReference; lastKnownFileType = folder.assetcatalog; path = Assets.xcassets; sourceTree = "<group>"; };
		6CD0D8F81CCBDA8F008B92DB /* Base */ = {isa = PBXFileReference; lastKnownFileType = file.storyboard; name = Base; path = Base.lproj/LaunchScreen.storyboard; sourceTree = "<group>"; };
		6CD0D8FA1CCBDA8F008B92DB /* Info.plist */ = {isa = PBXFileReference; lastKnownFileType = text.plist.xml; path = Info.plist; sourceTree = "<group>"; };
		6CD0D9011CCBE607008B92DB /* StartVC.swift */ = {isa = PBXFileReference; fileEncoding = 4; lastKnownFileType = sourcecode.swift; name = StartVC.swift; path = Controllers/StartVC.swift; sourceTree = "<group>"; };
		6CD0D9061CCBF0C0008B92DB /* CustomButton.swift */ = {isa = PBXFileReference; fileEncoding = 4; lastKnownFileType = sourcecode.swift; name = CustomButton.swift; path = Views/CustomButton.swift; sourceTree = "<group>"; };
		6CD0D9081CCBF0F7008B92DB /* Constants.swift */ = {isa = PBXFileReference; fileEncoding = 4; lastKnownFileType = sourcecode.swift; name = Constants.swift; path = Infrastructure/Constants.swift; sourceTree = "<group>"; };
		6CD0D90B1CCC07F7008B92DB /* Story.swift */ = {isa = PBXFileReference; fileEncoding = 4; lastKnownFileType = sourcecode.swift; name = Story.swift; path = Model/Story.swift; sourceTree = "<group>"; };
/* End PBXFileReference section */

/* Begin PBXFrameworksBuildPhase section */
		6CD0D8E81CCBDA8F008B92DB /* Frameworks */ = {
			isa = PBXFrameworksBuildPhase;
			buildActionMask = 2147483647;
			files = (
			);
			runOnlyForDeploymentPostprocessing = 0;
		};
/* End PBXFrameworksBuildPhase section */

/* Begin PBXGroup section */
		6CD0D8E21CCBDA8E008B92DB = {
			isa = PBXGroup;
			children = (
				6CD0D8ED1CCBDA8F008B92DB /* Dreamland */,
				6CD0D8EC1CCBDA8F008B92DB /* Products */,
			);
			sourceTree = "<group>";
		};
		6CD0D8EC1CCBDA8F008B92DB /* Products */ = {
			isa = PBXGroup;
			children = (
				6CD0D8EB1CCBDA8F008B92DB /* Dreamland.app */,
			);
			name = Products;
			sourceTree = "<group>";
		};
		6CD0D8ED1CCBDA8F008B92DB /* Dreamland */ = {
			isa = PBXGroup;
			children = (
				6CD0D90A1CCC07A0008B92DB /* Model */,
				6CD0D9031CCBE8EC008B92DB /* Views */,
				6CD0D9001CCBE5E2008B92DB /* Controllers */,
				6CD0D9051CCBE91D008B92DB /* Resources */,
				6CD0D9041CCBE8FF008B92DB /* Infrastructure */,
			);
			path = Dreamland;
			sourceTree = "<group>";
		};
		6CD0D9001CCBE5E2008B92DB /* Controllers */ = {
			isa = PBXGroup;
			children = (
				6CD0D9011CCBE607008B92DB /* StartVC.swift */,
				6C8CDEFE1CCD390C00CD07A7 /* PageController.swift */,
			);
			name = Controllers;
			sourceTree = "<group>";
		};
		6CD0D9031CCBE8EC008B92DB /* Views */ = {
			isa = PBXGroup;
			children = (
				6CD0D8F21CCBDA8F008B92DB /* Main.storyboard */,
				6CD0D8F71CCBDA8F008B92DB /* LaunchScreen.storyboard */,
				6CD0D9061CCBF0C0008B92DB /* CustomButton.swift */,
			);
			name = Views;
			sourceTree = "<group>";
		};
		6CD0D9041CCBE8FF008B92DB /* Infrastructure */ = {
			isa = PBXGroup;
			children = (
				6CD0D8EE1CCBDA8F008B92DB /* AppDelegate.swift */,
				6CD0D8FA1CCBDA8F008B92DB /* Info.plist */,
				6CD0D9081CCBF0F7008B92DB /* Constants.swift */,
			);
			name = Infrastructure;
			sourceTree = "<group>";
		};
		6CD0D9051CCBE91D008B92DB /* Resources */ = {
			isa = PBXGroup;
			children = (
				6CD0D8F51CCBDA8F008B92DB /* Assets.xcassets */,
			);
			name = Resources;
			sourceTree = "<group>";
		};
		6CD0D90A1CCC07A0008B92DB /* Model */ = {
			isa = PBXGroup;
			children = (
				6CD0D90B1CCC07F7008B92DB /* Story.swift */,
			);
			name = Model;
			sourceTree = "<group>";
		};
/* End PBXGroup section */

/* Begin PBXNativeTarget section */
		6CD0D8EA1CCBDA8F008B92DB /* Dreamland */ = {
			isa = PBXNativeTarget;
			buildConfigurationList = 6CD0D8FD1CCBDA8F008B92DB /* Build configuration list for PBXNativeTarget "Dreamland" */;
			buildPhases = (
				6CD0D8E71CCBDA8F008B92DB /* Sources */,
				6CD0D8E81CCBDA8F008B92DB /* Frameworks */,
				6CD0D8E91CCBDA8F008B92DB /* Resources */,
			);
			buildRules = (
			);
			dependencies = (
			);
			name = Dreamland;
			productName = Dreamland;
			productReference = 6CD0D8EB1CCBDA8F008B92DB /* Dreamland.app */;
			productType = "com.apple.product-type.application";
		};
/* End PBXNativeTarget section */

/* Begin PBXProject section */
		6CD0D8E31CCBDA8E008B92DB /* Project object */ = {
			isa = PBXProject;
			attributes = {
				LastSwiftUpdateCheck = 0720;
				LastUpgradeCheck = 0720;
				ORGANIZATIONNAME = "Dulio Denis";
				TargetAttributes = {
					6CD0D8EA1CCBDA8F008B92DB = {
						CreatedOnToolsVersion = 7.2;
					};
				};
			};
			buildConfigurationList = 6CD0D8E61CCBDA8E008B92DB /* Build configuration list for PBXProject "Dreamland" */;
			compatibilityVersion = "Xcode 3.2";
			developmentRegion = English;
			hasScannedForEncodings = 0;
			knownRegions = (
				en,
				Base,
			);
			mainGroup = 6CD0D8E21CCBDA8E008B92DB;
			productRefGroup = 6CD0D8EC1CCBDA8F008B92DB /* Products */;
			projectDirPath = "";
			projectRoot = "";
			targets = (
				6CD0D8EA1CCBDA8F008B92DB /* Dreamland */,
			);
		};
/* End PBXProject section */

/* Begin PBXResourcesBuildPhase section */
		6CD0D8E91CCBDA8F008B92DB /* Resources */ = {
			isa = PBXResourcesBuildPhase;
			buildActionMask = 2147483647;
			files = (
				6CD0D8F91CCBDA8F008B92DB /* LaunchScreen.storyboard in Resources */,
				6CD0D8F61CCBDA8F008B92DB /* Assets.xcassets in Resources */,
				6CD0D8F41CCBDA8F008B92DB /* Main.storyboard in Resources */,
			);
			runOnlyForDeploymentPostprocessing = 0;
		};
/* End PBXResourcesBuildPhase section */

/* Begin PBXSourcesBuildPhase section */
		6CD0D8E71CCBDA8F008B92DB /* Sources */ = {
			isa = PBXSourcesBuildPhase;
			buildActionMask = 2147483647;
			files = (
				6CD0D8EF1CCBDA8F008B92DB /* AppDelegate.swift in Sources */,
				6CD0D9021CCBE607008B92DB /* StartVC.swift in Sources */,
				6C8CDEFF1CCD390C00CD07A7 /* PageController.swift in Sources */,
				6CD0D9071CCBF0C0008B92DB /* CustomButton.swift in Sources */,
				6CD0D9091CCBF0F7008B92DB /* Constants.swift in Sources */,
				6CD0D90C1CCC07F7008B92DB /* Story.swift in Sources */,
			);
			runOnlyForDeploymentPostprocessing = 0;
		};
/* End PBXSourcesBuildPhase section */

/* Begin PBXVariantGroup section */
		6CD0D8F21CCBDA8F008B92DB /* Main.storyboard */ = {
			isa = PBXVariantGroup;
			children = (
				6CD0D8F31CCBDA8F008B92DB /* Base */,
			);
			name = Main.storyboard;
			sourceTree = "<group>";
		};
		6CD0D8F71CCBDA8F008B92DB /* LaunchScreen.storyboard */ = {
			isa = PBXVariantGroup;
			children = (
				6CD0D8F81CCBDA8F008B92DB /* Base */,
			);
			name = LaunchScreen.storyboard;
			sourceTree = "<group>";
		};
/* End PBXVariantGroup section */

/* Begin XCBuildConfiguration section */
		6CD0D8FB1CCBDA8F008B92DB /* Debug */ = {
			isa = XCBuildConfiguration;
			buildSettings = {
				ALWAYS_SEARCH_USER_PATHS = NO;
				CLANG_CXX_LANGUAGE_STANDARD = "gnu++0x";
				CLANG_CXX_LIBRARY = "libc++";
				CLANG_ENABLE_MODULES = YES;
				CLANG_ENABLE_OBJC_ARC = YES;
				CLANG_WARN_BOOL_CONVERSION = YES;
				CLANG_WARN_CONSTANT_CONVERSION = YES;
				CLANG_WARN_DIRECT_OBJC_ISA_USAGE = YES_ERROR;
				CLANG_WARN_EMPTY_BODY = YES;
				CLANG_WARN_ENUM_CONVERSION = YES;
				CLANG_WARN_INT_CONVERSION = YES;
				CLANG_WARN_OBJC_ROOT_CLASS = YES_ERROR;
				CLANG_WARN_UNREACHABLE_CODE = YES;
				CLANG_WARN__DUPLICATE_METHOD_MATCH = YES;
				"CODE_SIGN_IDENTITY[sdk=iphoneos*]" = "iPhone Developer";
				COPY_PHASE_STRIP = NO;
				DEBUG_INFORMATION_FORMAT = dwarf;
				ENABLE_STRICT_OBJC_MSGSEND = YES;
				ENABLE_TESTABILITY = YES;
				GCC_C_LANGUAGE_STANDARD = gnu99;
				GCC_DYNAMIC_NO_PIC = NO;
				GCC_NO_COMMON_BLOCKS = YES;
				GCC_OPTIMIZATION_LEVEL = 0;
				GCC_PREPROCESSOR_DEFINITIONS = (
					"DEBUG=1",
					"$(inherited)",
				);
				GCC_WARN_64_TO_32_BIT_CONVERSION = YES;
				GCC_WARN_ABOUT_RETURN_TYPE = YES_ERROR;
				GCC_WARN_UNDECLARED_SELECTOR = YES;
				GCC_WARN_UNINITIALIZED_AUTOS = YES_AGGRESSIVE;
				GCC_WARN_UNUSED_FUNCTION = YES;
				GCC_WARN_UNUSED_VARIABLE = YES;
				IPHONEOS_DEPLOYMENT_TARGET = 9.2;
				MTL_ENABLE_DEBUG_INFO = YES;
				ONLY_ACTIVE_ARCH = YES;
				SDKROOT = iphoneos;
				SWIFT_OPTIMIZATION_LEVEL = "-Onone";
				TARGETED_DEVICE_FAMILY = "1,2";
			};
			name = Debug;
		};
		6CD0D8FC1CCBDA8F008B92DB /* Release */ = {
			isa = XCBuildConfiguration;
			buildSettings = {
				ALWAYS_SEARCH_USER_PATHS = NO;
				CLANG_CXX_LANGUAGE_STANDARD = "gnu++0x";
				CLANG_CXX_LIBRARY = "libc++";
				CLANG_ENABLE_MODULES = YES;
				CLANG_ENABLE_OBJC_ARC = YES;
				CLANG_WARN_BOOL_CONVERSION = YES;
				CLANG_WARN_CONSTANT_CONVERSION = YES;
				CLANG_WARN_DIRECT_OBJC_ISA_USAGE = YES_ERROR;
				CLANG_WARN_EMPTY_BODY = YES;
				CLANG_WARN_ENUM_CONVERSION = YES;
				CLANG_WARN_INT_CONVERSION = YES;
				CLANG_WARN_OBJC_ROOT_CLASS = YES_ERROR;
				CLANG_WARN_UNREACHABLE_CODE = YES;
				CLANG_WARN__DUPLICATE_METHOD_MATCH = YES;
				"CODE_SIGN_IDENTITY[sdk=iphoneos*]" = "iPhone Developer";
				COPY_PHASE_STRIP = NO;
				DEBUG_INFORMATION_FORMAT = "dwarf-with-dsym";
				ENABLE_NS_ASSERTIONS = NO;
				ENABLE_STRICT_OBJC_MSGSEND = YES;
				GCC_C_LANGUAGE_STANDARD = gnu99;
				GCC_NO_COMMON_BLOCKS = YES;
				GCC_WARN_64_TO_32_BIT_CONVERSION = YES;
				GCC_WARN_ABOUT_RETURN_TYPE = YES_ERROR;
				GCC_WARN_UNDECLARED_SELECTOR = YES;
				GCC_WARN_UNINITIALIZED_AUTOS = YES_AGGRESSIVE;
				GCC_WARN_UNUSED_FUNCTION = YES;
				GCC_WARN_UNUSED_VARIABLE = YES;
				IPHONEOS_DEPLOYMENT_TARGET = 9.2;
				MTL_ENABLE_DEBUG_INFO = NO;
				SDKROOT = iphoneos;
				TARGETED_DEVICE_FAMILY = "1,2";
				VALIDATE_PRODUCT = YES;
			};
			name = Release;
		};
		6CD0D8FE1CCBDA8F008B92DB /* Debug */ = {
			isa = XCBuildConfiguration;
			buildSettings = {
				ASSETCATALOG_COMPILER_APPICON_NAME = AppIcon;
				INFOPLIST_FILE = Dreamland/Info.plist;
				IPHONEOS_DEPLOYMENT_TARGET = 9.0;
				LD_RUNPATH_SEARCH_PATHS = "$(inherited) @executable_path/Frameworks";
				PRODUCT_BUNDLE_IDENTIFIER = co.ddapps.dreamland;
				PRODUCT_NAME = "$(TARGET_NAME)";
			};
			name = Debug;
		};
		6CD0D8FF1CCBDA8F008B92DB /* Release */ = {
			isa = XCBuildConfiguration;
			buildSettings = {
				ASSETCATALOG_COMPILER_APPICON_NAME = AppIcon;
				INFOPLIST_FILE = Dreamland/Info.plist;
				IPHONEOS_DEPLOYMENT_TARGET = 9.0;
				LD_RUNPATH_SEARCH_PATHS = "$(inherited) @executable_path/Frameworks";
				PRODUCT_BUNDLE_IDENTIFIER = co.ddapps.dreamland;
				PRODUCT_NAME = "$(TARGET_NAME)";
			};
			name = Release;
		};
/* End XCBuildConfiguration section */

/* Begin XCConfigurationList section */
		6CD0D8E61CCBDA8E008B92DB /* Build configuration list for PBXProject "Dreamland" */ = {
			isa = XCConfigurationList;
			buildConfigurations = (
				6CD0D8FB1CCBDA8F008B92DB /* Debug */,
				6CD0D8FC1CCBDA8F008B92DB /* Release */,
			);
			defaultConfigurationIsVisible = 0;
			defaultConfigurationName = Release;
		};
		6CD0D8FD1CCBDA8F008B92DB /* Build configuration list for PBXNativeTarget "Dreamland" */ = {
			isa = XCConfigurationList;
			buildConfigurations = (
				6CD0D8FE1CCBDA8F008B92DB /* Debug */,
				6CD0D8FF1CCBDA8F008B92DB /* Release */,
			);
			defaultConfigurationIsVisible = 0;
			defaultConfigurationName = Release;
		};
/* End XCConfigurationList section */
	};
	rootObject = 6CD0D8E31CCBDA8E008B92DB /* Project object */;
}
